// !$*UTF8*$!
{
	archiveVersion = 1;
	classes = {
	};
	objectVersion = 46;
	objects = {

/* Begin PBXBuildFile section */
		211503F81CEF461900CC65F9 /* UserProfileViewController.swift in Sources */ = {isa = PBXBuildFile; fileRef = 211503F71CEF461900CC65F9 /* UserProfileViewController.swift */; };
		213CC54E1CECF7060017456A /* alertMethods.swift in Sources */ = {isa = PBXBuildFile; fileRef = 213CC5391CECF7060017456A /* alertMethods.swift */; };
		213CC54F1CECF7060017456A /* AppDelegate.swift in Sources */ = {isa = PBXBuildFile; fileRef = 213CC53A1CECF7060017456A /* AppDelegate.swift */; };
		213CC5501CECF7060017456A /* Assets.xcassets in Resources */ = {isa = PBXBuildFile; fileRef = 213CC53B1CECF7060017456A /* Assets.xcassets */; };
		213CC5511CECF7060017456A /* BikeTogether.xcdatamodeld in Sources */ = {isa = PBXBuildFile; fileRef = 213CC53C1CECF7060017456A /* BikeTogether.xcdatamodeld */; };
		213CC5521CECF7060017456A /* FinishViewController.swift in Sources */ = {isa = PBXBuildFile; fileRef = 213CC53F1CECF7060017456A /* FinishViewController.swift */; };
		213CC5531CECF7060017456A /* IndiRecordViewController.swift in Sources */ = {isa = PBXBuildFile; fileRef = 213CC5401CECF7060017456A /* IndiRecordViewController.swift */; };
		213CC5541CECF7060017456A /* Info.plist in Resources */ = {isa = PBXBuildFile; fileRef = 213CC5411CECF7060017456A /* Info.plist */; };
		213CC5551CECF7060017456A /* LaunchScreen.storyboard in Resources */ = {isa = PBXBuildFile; fileRef = 213CC5421CECF7060017456A /* LaunchScreen.storyboard */; };
		213CC5561CECF7060017456A /* LogInViewController.swift in Sources */ = {isa = PBXBuildFile; fileRef = 213CC5431CECF7060017456A /* LogInViewController.swift */; };
		213CC5571CECF7060017456A /* Main.storyboard in Resources */ = {isa = PBXBuildFile; fileRef = 213CC5441CECF7060017456A /* Main.storyboard */; };
		213CC5581CECF7060017456A /* MainMenuViewController.swift in Sources */ = {isa = PBXBuildFile; fileRef = 213CC5451CECF7060017456A /* MainMenuViewController.swift */; };
		213CC5591CECF7060017456A /* mapMethods.swift in Sources */ = {isa = PBXBuildFile; fileRef = 213CC5461CECF7060017456A /* mapMethods.swift */; };
		213CC55A1CECF7060017456A /* PastRecordViewController.swift in Sources */ = {isa = PBXBuildFile; fileRef = 213CC5471CECF7060017456A /* PastRecordViewController.swift */; };
		213CC55B1CECF7060017456A /* Profile.storyboard in Resources */ = {isa = PBXBuildFile; fileRef = 213CC5481CECF7060017456A /* Profile.storyboard */; };
		213CC55C1CECF7060017456A /* ProfileViewController.swift in Sources */ = {isa = PBXBuildFile; fileRef = 213CC5491CECF7060017456A /* ProfileViewController.swift */; };
		213CC55D1CECF7060017456A /* RecordViewController.swift in Sources */ = {isa = PBXBuildFile; fileRef = 213CC54A1CECF7060017456A /* RecordViewController.swift */; };
		213CC55E1CECF7060017456A /* Social.storyboard in Resources */ = {isa = PBXBuildFile; fileRef = 213CC54B1CECF7060017456A /* Social.storyboard */; };
		213CC55F1CECF7060017456A /* SwiftyJSON.swift in Sources */ = {isa = PBXBuildFile; fileRef = 213CC54C1CECF7060017456A /* SwiftyJSON.swift */; };
		213CC5601CECF7060017456A /* UserRecordTableViewController.swift in Sources */ = {isa = PBXBuildFile; fileRef = 213CC54D1CECF7060017456A /* UserRecordTableViewController.swift */; };
		213CC5671CECF77F0017456A /* FBSDKCoreKit.framework in Frameworks */ = {isa = PBXBuildFile; fileRef = 213CC5641CECF77F0017456A /* FBSDKCoreKit.framework */; };
		213CC5681CECF77F0017456A /* FBSDKLoginKit.framework in Frameworks */ = {isa = PBXBuildFile; fileRef = 213CC5651CECF77F0017456A /* FBSDKLoginKit.framework */; };
		213CC5691CECF77F0017456A /* FBSDKShareKit.framework in Frameworks */ = {isa = PBXBuildFile; fileRef = 213CC5661CECF77F0017456A /* FBSDKShareKit.framework */; };
		213CC56B1CECF9050017456A /* databaseMethods.swift in Sources */ = {isa = PBXBuildFile; fileRef = 213CC56A1CECF9050017456A /* databaseMethods.swift */; };
		21BA7CAC1CECF6A2003E9B2A /* BikeTogetherTests.swift in Sources */ = {isa = PBXBuildFile; fileRef = 21BA7CAB1CECF6A2003E9B2A /* BikeTogetherTests.swift */; };
		21BA7CB71CECF6A2003E9B2A /* BikeTogetherUITests.swift in Sources */ = {isa = PBXBuildFile; fileRef = 21BA7CB61CECF6A2003E9B2A /* BikeTogetherUITests.swift */; };
/* End PBXBuildFile section */

/* Begin PBXContainerItemProxy section */
		21BA7CA81CECF6A2003E9B2A /* PBXContainerItemProxy */ = {
			isa = PBXContainerItemProxy;
			containerPortal = 21BA7C881CECF6A2003E9B2A /* Project object */;
			proxyType = 1;
			remoteGlobalIDString = 21BA7C8F1CECF6A2003E9B2A;
			remoteInfo = BikeTogether;
		};
		21BA7CB31CECF6A2003E9B2A /* PBXContainerItemProxy */ = {
			isa = PBXContainerItemProxy;
			containerPortal = 21BA7C881CECF6A2003E9B2A /* Project object */;
			proxyType = 1;
			remoteGlobalIDString = 21BA7C8F1CECF6A2003E9B2A;
			remoteInfo = BikeTogether;
		};
/* End PBXContainerItemProxy section */

/* Begin PBXFileReference section */
		211503F71CEF461900CC65F9 /* UserProfileViewController.swift */ = {isa = PBXFileReference; fileEncoding = 4; lastKnownFileType = sourcecode.swift; path = UserProfileViewController.swift; sourceTree = "<group>"; };
		213CC5391CECF7060017456A /* alertMethods.swift */ = {isa = PBXFileReference; fileEncoding = 4; lastKnownFileType = sourcecode.swift; path = alertMethods.swift; sourceTree = "<group>"; };
		213CC53A1CECF7060017456A /* AppDelegate.swift */ = {isa = PBXFileReference; fileEncoding = 4; lastKnownFileType = sourcecode.swift; path = AppDelegate.swift; sourceTree = "<group>"; };
		213CC53B1CECF7060017456A /* Assets.xcassets */ = {isa = PBXFileReference; lastKnownFileType = folder.assetcatalog; path = Assets.xcassets; sourceTree = "<group>"; };
		213CC53D1CECF7060017456A /* BikeTogether.xcdatamodel */ = {isa = PBXFileReference; lastKnownFileType = wrapper.xcdatamodel; path = BikeTogether.xcdatamodel; sourceTree = "<group>"; };
		213CC53E1CECF7060017456A /* Bridging-Header.h */ = {isa = PBXFileReference; fileEncoding = 4; lastKnownFileType = sourcecode.c.h; name = "Bridging-Header.h"; path = "BikeTogether/Bridging-Header.h"; sourceTree = "<group>"; };
		213CC53F1CECF7060017456A /* FinishViewController.swift */ = {isa = PBXFileReference; fileEncoding = 4; lastKnownFileType = sourcecode.swift; path = FinishViewController.swift; sourceTree = "<group>"; };
		213CC5401CECF7060017456A /* IndiRecordViewController.swift */ = {isa = PBXFileReference; fileEncoding = 4; lastKnownFileType = sourcecode.swift; path = IndiRecordViewController.swift; sourceTree = "<group>"; };
		213CC5411CECF7060017456A /* Info.plist */ = {isa = PBXFileReference; fileEncoding = 4; lastKnownFileType = text.plist.xml; path = Info.plist; sourceTree = "<group>"; };
		213CC5421CECF7060017456A /* LaunchScreen.storyboard */ = {isa = PBXFileReference; fileEncoding = 4; lastKnownFileType = file.storyboard; path = LaunchScreen.storyboard; sourceTree = "<group>"; };
		213CC5431CECF7060017456A /* LogInViewController.swift */ = {isa = PBXFileReference; fileEncoding = 4; lastKnownFileType = sourcecode.swift; path = LogInViewController.swift; sourceTree = "<group>"; };
		213CC5441CECF7060017456A /* Main.storyboard */ = {isa = PBXFileReference; fileEncoding = 4; lastKnownFileType = file.storyboard; path = Main.storyboard; sourceTree = "<group>"; };
		213CC5451CECF7060017456A /* MainMenuViewController.swift */ = {isa = PBXFileReference; fileEncoding = 4; lastKnownFileType = sourcecode.swift; path = MainMenuViewController.swift; sourceTree = "<group>"; };
		213CC5461CECF7060017456A /* mapMethods.swift */ = {isa = PBXFileReference; fileEncoding = 4; lastKnownFileType = sourcecode.swift; path = mapMethods.swift; sourceTree = "<group>"; };
		213CC5471CECF7060017456A /* PastRecordViewController.swift */ = {isa = PBXFileReference; fileEncoding = 4; lastKnownFileType = sourcecode.swift; path = PastRecordViewController.swift; sourceTree = "<group>"; };
		213CC5481CECF7060017456A /* Profile.storyboard */ = {isa = PBXFileReference; fileEncoding = 4; lastKnownFileType = file.storyboard; path = Profile.storyboard; sourceTree = "<group>"; };
		213CC5491CECF7060017456A /* ProfileViewController.swift */ = {isa = PBXFileReference; fileEncoding = 4; lastKnownFileType = sourcecode.swift; path = ProfileViewController.swift; sourceTree = "<group>"; };
		213CC54A1CECF7060017456A /* RecordViewController.swift */ = {isa = PBXFileReference; fileEncoding = 4; lastKnownFileType = sourcecode.swift; path = RecordViewController.swift; sourceTree = "<group>"; };
		213CC54B1CECF7060017456A /* Social.storyboard */ = {isa = PBXFileReference; fileEncoding = 4; lastKnownFileType = file.storyboard; path = Social.storyboard; sourceTree = "<group>"; };
		213CC54C1CECF7060017456A /* SwiftyJSON.swift */ = {isa = PBXFileReference; fileEncoding = 4; lastKnownFileType = sourcecode.swift; path = SwiftyJSON.swift; sourceTree = "<group>"; };
		213CC54D1CECF7060017456A /* UserRecordTableViewController.swift */ = {isa = PBXFileReference; fileEncoding = 4; lastKnownFileType = sourcecode.swift; path = UserRecordTableViewController.swift; sourceTree = "<group>"; };
		213CC5641CECF77F0017456A /* FBSDKCoreKit.framework */ = {isa = PBXFileReference; lastKnownFileType = wrapper.framework; path = FBSDKCoreKit.framework; sourceTree = "<group>"; };
		213CC5651CECF77F0017456A /* FBSDKLoginKit.framework */ = {isa = PBXFileReference; lastKnownFileType = wrapper.framework; path = FBSDKLoginKit.framework; sourceTree = "<group>"; };
		213CC5661CECF77F0017456A /* FBSDKShareKit.framework */ = {isa = PBXFileReference; lastKnownFileType = wrapper.framework; path = FBSDKShareKit.framework; sourceTree = "<group>"; };
		213CC56A1CECF9050017456A /* databaseMethods.swift */ = {isa = PBXFileReference; fileEncoding = 4; lastKnownFileType = sourcecode.swift; path = databaseMethods.swift; sourceTree = "<group>"; };
		21BA7C901CECF6A2003E9B2A /* BikeTogether.app */ = {isa = PBXFileReference; explicitFileType = wrapper.application; includeInIndex = 0; path = BikeTogether.app; sourceTree = BUILT_PRODUCTS_DIR; };
		21BA7CA71CECF6A2003E9B2A /* BikeTogetherTests.xctest */ = {isa = PBXFileReference; explicitFileType = wrapper.cfbundle; includeInIndex = 0; path = BikeTogetherTests.xctest; sourceTree = BUILT_PRODUCTS_DIR; };
		21BA7CAB1CECF6A2003E9B2A /* BikeTogetherTests.swift */ = {isa = PBXFileReference; lastKnownFileType = sourcecode.swift; path = BikeTogetherTests.swift; sourceTree = "<group>"; };
		21BA7CAD1CECF6A2003E9B2A /* Info.plist */ = {isa = PBXFileReference; lastKnownFileType = text.plist.xml; path = Info.plist; sourceTree = "<group>"; };
		21BA7CB21CECF6A2003E9B2A /* BikeTogetherUITests.xctest */ = {isa = PBXFileReference; explicitFileType = wrapper.cfbundle; includeInIndex = 0; path = BikeTogetherUITests.xctest; sourceTree = BUILT_PRODUCTS_DIR; };
		21BA7CB61CECF6A2003E9B2A /* BikeTogetherUITests.swift */ = {isa = PBXFileReference; lastKnownFileType = sourcecode.swift; path = BikeTogetherUITests.swift; sourceTree = "<group>"; };
		21BA7CB81CECF6A2003E9B2A /* Info.plist */ = {isa = PBXFileReference; lastKnownFileType = text.plist.xml; path = Info.plist; sourceTree = "<group>"; };
/* End PBXFileReference section */

/* Begin PBXFrameworksBuildPhase section */
		21BA7C8D1CECF6A2003E9B2A /* Frameworks */ = {
			isa = PBXFrameworksBuildPhase;
			buildActionMask = 2147483647;
			files = (
				213CC5681CECF77F0017456A /* FBSDKLoginKit.framework in Frameworks */,
				213CC5671CECF77F0017456A /* FBSDKCoreKit.framework in Frameworks */,
				213CC5691CECF77F0017456A /* FBSDKShareKit.framework in Frameworks */,
			);
			runOnlyForDeploymentPostprocessing = 0;
		};
		21BA7CA41CECF6A2003E9B2A /* Frameworks */ = {
			isa = PBXFrameworksBuildPhase;
			buildActionMask = 2147483647;
			files = (
			);
			runOnlyForDeploymentPostprocessing = 0;
		};
		21BA7CAF1CECF6A2003E9B2A /* Frameworks */ = {
			isa = PBXFrameworksBuildPhase;
			buildActionMask = 2147483647;
			files = (
			);
			runOnlyForDeploymentPostprocessing = 0;
		};
/* End PBXFrameworksBuildPhase section */

/* Begin PBXGroup section */
		213CC5381CECF7060017456A /* BikeTogether */ = {
			isa = PBXGroup;
			children = (
				213CC53A1CECF7060017456A /* AppDelegate.swift */,
				213CC53C1CECF7060017456A /* BikeTogether.xcdatamodeld */,
				213CC53B1CECF7060017456A /* Assets.xcassets */,
				213CC5621CECF74B0017456A /* Methods */,
				213CC5631CECF7630017456A /* View Controllers */,
				213CC5411CECF7060017456A /* Info.plist */,
				213CC5611CECF7210017456A /* Storyboard */,
			);
			path = BikeTogether;
			sourceTree = "<group>";
		};
		213CC5611CECF7210017456A /* Storyboard */ = {
			isa = PBXGroup;
			children = (
				213CC5421CECF7060017456A /* LaunchScreen.storyboard */,
				213CC5441CECF7060017456A /* Main.storyboard */,
				213CC5481CECF7060017456A /* Profile.storyboard */,
				213CC54B1CECF7060017456A /* Social.storyboard */,
			);
			name = Storyboard;
			sourceTree = "<group>";
		};
		213CC5621CECF74B0017456A /* Methods */ = {
			isa = PBXGroup;
			children = (
				213CC5391CECF7060017456A /* alertMethods.swift */,
				213CC5461CECF7060017456A /* mapMethods.swift */,
				213CC54C1CECF7060017456A /* SwiftyJSON.swift */,
				213CC56A1CECF9050017456A /* databaseMethods.swift */,
			);
			name = Methods;
			sourceTree = "<group>";
		};
		213CC5631CECF7630017456A /* View Controllers */ = {
			isa = PBXGroup;
			children = (
				213CC5431CECF7060017456A /* LogInViewController.swift */,
				213CC5451CECF7060017456A /* MainMenuViewController.swift */,
				213CC56C1CECFF560017456A /* Ride Recording */,
				213CC56D1CECFFCC0017456A /* Profile Page */,
				213CC56E1CECFFF80017456A /* New profile */,
			);
			name = "View Controllers";
			sourceTree = "<group>";
		};
		213CC56C1CECFF560017456A /* Ride Recording */ = {
			isa = PBXGroup;
			children = (
				213CC54A1CECF7060017456A /* RecordViewController.swift */,
				213CC53F1CECF7060017456A /* FinishViewController.swift */,
			);
			name = "Ride Recording";
			sourceTree = "<group>";
		};
		213CC56D1CECFFCC0017456A /* Profile Page */ = {
			isa = PBXGroup;
			children = (
				213CC5471CECF7060017456A /* PastRecordViewController.swift */,
				213CC5491CECF7060017456A /* ProfileViewController.swift */,
			);
			name = "Profile Page";
			sourceTree = "<group>";
		};
		213CC56E1CECFFF80017456A /* New profile */ = {
			isa = PBXGroup;
			children = (
				213CC5401CECF7060017456A /* IndiRecordViewController.swift */,
				213CC54D1CECF7060017456A /* UserRecordTableViewController.swift */,
				211503F71CEF461900CC65F9 /* UserProfileViewController.swift */,
			);
			name = "New profile";
			sourceTree = "<group>";
		};
		21BA7C871CECF6A2003E9B2A = {
			isa = PBXGroup;
			children = (
				213CC53E1CECF7060017456A /* Bridging-Header.h */,
				213CC5641CECF77F0017456A /* FBSDKCoreKit.framework */,
				213CC5651CECF77F0017456A /* FBSDKLoginKit.framework */,
				213CC5661CECF77F0017456A /* FBSDKShareKit.framework */,
				213CC5381CECF7060017456A /* BikeTogether */,
				21BA7CAA1CECF6A2003E9B2A /* BikeTogetherTests */,
				21BA7CB51CECF6A2003E9B2A /* BikeTogetherUITests */,
				21BA7C911CECF6A2003E9B2A /* Products */,
			);
			sourceTree = "<group>";
		};
		21BA7C911CECF6A2003E9B2A /* Products */ = {
			isa = PBXGroup;
			children = (
				21BA7C901CECF6A2003E9B2A /* BikeTogether.app */,
				21BA7CA71CECF6A2003E9B2A /* BikeTogetherTests.xctest */,
				21BA7CB21CECF6A2003E9B2A /* BikeTogetherUITests.xctest */,
			);
			name = Products;
			sourceTree = "<group>";
		};
		21BA7CAA1CECF6A2003E9B2A /* BikeTogetherTests */ = {
			isa = PBXGroup;
			children = (
				21BA7CAB1CECF6A2003E9B2A /* BikeTogetherTests.swift */,
				21BA7CAD1CECF6A2003E9B2A /* Info.plist */,
			);
			path = BikeTogetherTests;
			sourceTree = "<group>";
		};
		21BA7CB51CECF6A2003E9B2A /* BikeTogetherUITests */ = {
			isa = PBXGroup;
			children = (
				21BA7CB61CECF6A2003E9B2A /* BikeTogetherUITests.swift */,
				21BA7CB81CECF6A2003E9B2A /* Info.plist */,
			);
			path = BikeTogetherUITests;
			sourceTree = "<group>";
		};
/* End PBXGroup section */

/* Begin PBXNativeTarget section */
		21BA7C8F1CECF6A2003E9B2A /* BikeTogether */ = {
			isa = PBXNativeTarget;
			buildConfigurationList = 21BA7CBB1CECF6A2003E9B2A /* Build configuration list for PBXNativeTarget "BikeTogether" */;
			buildPhases = (
				21BA7C8C1CECF6A2003E9B2A /* Sources */,
				21BA7C8D1CECF6A2003E9B2A /* Frameworks */,
				21BA7C8E1CECF6A2003E9B2A /* Resources */,
			);
			buildRules = (
			);
			dependencies = (
			);
			name = BikeTogether;
			productName = BikeTogether;
			productReference = 21BA7C901CECF6A2003E9B2A /* BikeTogether.app */;
			productType = "com.apple.product-type.application";
		};
		21BA7CA61CECF6A2003E9B2A /* BikeTogetherTests */ = {
			isa = PBXNativeTarget;
			buildConfigurationList = 21BA7CBE1CECF6A2003E9B2A /* Build configuration list for PBXNativeTarget "BikeTogetherTests" */;
			buildPhases = (
				21BA7CA31CECF6A2003E9B2A /* Sources */,
				21BA7CA41CECF6A2003E9B2A /* Frameworks */,
				21BA7CA51CECF6A2003E9B2A /* Resources */,
			);
			buildRules = (
			);
			dependencies = (
				21BA7CA91CECF6A2003E9B2A /* PBXTargetDependency */,
			);
			name = BikeTogetherTests;
			productName = BikeTogetherTests;
			productReference = 21BA7CA71CECF6A2003E9B2A /* BikeTogetherTests.xctest */;
			productType = "com.apple.product-type.bundle.unit-test";
		};
		21BA7CB11CECF6A2003E9B2A /* BikeTogetherUITests */ = {
			isa = PBXNativeTarget;
			buildConfigurationList = 21BA7CC11CECF6A2003E9B2A /* Build configuration list for PBXNativeTarget "BikeTogetherUITests" */;
			buildPhases = (
				21BA7CAE1CECF6A2003E9B2A /* Sources */,
				21BA7CAF1CECF6A2003E9B2A /* Frameworks */,
				21BA7CB01CECF6A2003E9B2A /* Resources */,
			);
			buildRules = (
			);
			dependencies = (
				21BA7CB41CECF6A2003E9B2A /* PBXTargetDependency */,
			);
			name = BikeTogetherUITests;
			productName = BikeTogetherUITests;
			productReference = 21BA7CB21CECF6A2003E9B2A /* BikeTogetherUITests.xctest */;
			productType = "com.apple.product-type.bundle.ui-testing";
		};
/* End PBXNativeTarget section */

/* Begin PBXProject section */
		21BA7C881CECF6A2003E9B2A /* Project object */ = {
			isa = PBXProject;
			attributes = {
				LastSwiftUpdateCheck = 0730;
				LastUpgradeCheck = 0730;
				ORGANIZATIONNAME = "Supassara Sujjapong";
				TargetAttributes = {
					21BA7C8F1CECF6A2003E9B2A = {
						CreatedOnToolsVersion = 7.3.1;
					};
					21BA7CA61CECF6A2003E9B2A = {
						CreatedOnToolsVersion = 7.3.1;
						TestTargetID = 21BA7C8F1CECF6A2003E9B2A;
					};
					21BA7CB11CECF6A2003E9B2A = {
						CreatedOnToolsVersion = 7.3.1;
						TestTargetID = 21BA7C8F1CECF6A2003E9B2A;
					};
				};
			};
			buildConfigurationList = 21BA7C8B1CECF6A2003E9B2A /* Build configuration list for PBXProject "BikeTogether" */;
			compatibilityVersion = "Xcode 3.2";
			developmentRegion = English;
			hasScannedForEncodings = 0;
			knownRegions = (
				en,
				Base,
			);
			mainGroup = 21BA7C871CECF6A2003E9B2A;
			productRefGroup = 21BA7C911CECF6A2003E9B2A /* Products */;
			projectDirPath = "";
			projectRoot = "";
			targets = (
				21BA7C8F1CECF6A2003E9B2A /* BikeTogether */,
				21BA7CA61CECF6A2003E9B2A /* BikeTogetherTests */,
				21BA7CB11CECF6A2003E9B2A /* BikeTogetherUITests */,
			);
		};
/* End PBXProject section */

/* Begin PBXResourcesBuildPhase section */
		21BA7C8E1CECF6A2003E9B2A /* Resources */ = {
			isa = PBXResourcesBuildPhase;
			buildActionMask = 2147483647;
			files = (
				213CC5551CECF7060017456A /* LaunchScreen.storyboard in Resources */,
				213CC5541CECF7060017456A /* Info.plist in Resources */,
				213CC55B1CECF7060017456A /* Profile.storyboard in Resources */,
				213CC5501CECF7060017456A /* Assets.xcassets in Resources */,
				213CC5571CECF7060017456A /* Main.storyboard in Resources */,
				213CC55E1CECF7060017456A /* Social.storyboard in Resources */,
			);
			runOnlyForDeploymentPostprocessing = 0;
		};
		21BA7CA51CECF6A2003E9B2A /* Resources */ = {
			isa = PBXResourcesBuildPhase;
			buildActionMask = 2147483647;
			files = (
			);
			runOnlyForDeploymentPostprocessing = 0;
		};
		21BA7CB01CECF6A2003E9B2A /* Resources */ = {
			isa = PBXResourcesBuildPhase;
			buildActionMask = 2147483647;
			files = (
			);
			runOnlyForDeploymentPostprocessing = 0;
		};
/* End PBXResourcesBuildPhase section */

/* Begin PBXSourcesBuildPhase section */
		21BA7C8C1CECF6A2003E9B2A /* Sources */ = {
			isa = PBXSourcesBuildPhase;
			buildActionMask = 2147483647;
			files = (
				213CC5531CECF7060017456A /* IndiRecordViewController.swift in Sources */,
				211503F81CEF461900CC65F9 /* UserProfileViewController.swift in Sources */,
				213CC56B1CECF9050017456A /* databaseMethods.swift in Sources */,
				213CC5511CECF7060017456A /* BikeTogether.xcdatamodeld in Sources */,
				213CC55C1CECF7060017456A /* ProfileViewController.swift in Sources */,
				213CC55F1CECF7060017456A /* SwiftyJSON.swift in Sources */,
				213CC5601CECF7060017456A /* UserRecordTableViewController.swift in Sources */,
				213CC5561CECF7060017456A /* LogInViewController.swift in Sources */,
				213CC55A1CECF7060017456A /* PastRecordViewController.swift in Sources */,
				213CC55D1CECF7060017456A /* RecordViewController.swift in Sources */,
				213CC5521CECF7060017456A /* FinishViewController.swift in Sources */,
				213CC5581CECF7060017456A /* MainMenuViewController.swift in Sources */,
				213CC5591CECF7060017456A /* mapMethods.swift in Sources */,
				213CC54F1CECF7060017456A /* AppDelegate.swift in Sources */,
				213CC54E1CECF7060017456A /* alertMethods.swift in Sources */,
			);
			runOnlyForDeploymentPostprocessing = 0;
		};
		21BA7CA31CECF6A2003E9B2A /* Sources */ = {
			isa = PBXSourcesBuildPhase;
			buildActionMask = 2147483647;
			files = (
				21BA7CAC1CECF6A2003E9B2A /* BikeTogetherTests.swift in Sources */,
			);
			runOnlyForDeploymentPostprocessing = 0;
		};
		21BA7CAE1CECF6A2003E9B2A /* Sources */ = {
			isa = PBXSourcesBuildPhase;
			buildActionMask = 2147483647;
			files = (
				21BA7CB71CECF6A2003E9B2A /* BikeTogetherUITests.swift in Sources */,
			);
			runOnlyForDeploymentPostprocessing = 0;
		};
/* End PBXSourcesBuildPhase section */

/* Begin PBXTargetDependency section */
		21BA7CA91CECF6A2003E9B2A /* PBXTargetDependency */ = {
			isa = PBXTargetDependency;
			target = 21BA7C8F1CECF6A2003E9B2A /* BikeTogether */;
			targetProxy = 21BA7CA81CECF6A2003E9B2A /* PBXContainerItemProxy */;
		};
		21BA7CB41CECF6A2003E9B2A /* PBXTargetDependency */ = {
			isa = PBXTargetDependency;
			target = 21BA7C8F1CECF6A2003E9B2A /* BikeTogether */;
			targetProxy = 21BA7CB31CECF6A2003E9B2A /* PBXContainerItemProxy */;
		};
/* End PBXTargetDependency section */

/* Begin XCBuildConfiguration section */
		21BA7CB91CECF6A2003E9B2A /* Debug */ = {
			isa = XCBuildConfiguration;
			buildSettings = {
				ALWAYS_SEARCH_USER_PATHS = NO;
				CLANG_ANALYZER_NONNULL = YES;
				CLANG_CXX_LANGUAGE_STANDARD = "gnu++0x";
				CLANG_CXX_LIBRARY = "libc++";
				CLANG_ENABLE_MODULES = YES;
				CLANG_ENABLE_OBJC_ARC = YES;
				CLANG_WARN_BOOL_CONVERSION = YES;
				CLANG_WARN_CONSTANT_CONVERSION = YES;
				CLANG_WARN_DIRECT_OBJC_ISA_USAGE = YES_ERROR;
				CLANG_WARN_EMPTY_BODY = YES;
				CLANG_WARN_ENUM_CONVERSION = YES;
				CLANG_WARN_INT_CONVERSION = YES;
				CLANG_WARN_OBJC_ROOT_CLASS = YES_ERROR;
				CLANG_WARN_UNREACHABLE_CODE = YES;
				CLANG_WARN__DUPLICATE_METHOD_MATCH = YES;
				"CODE_SIGN_IDENTITY[sdk=iphoneos*]" = "iPhone Developer";
				COPY_PHASE_STRIP = NO;
				DEBUG_INFORMATION_FORMAT = dwarf;
				ENABLE_STRICT_OBJC_MSGSEND = YES;
				ENABLE_TESTABILITY = YES;
				GCC_C_LANGUAGE_STANDARD = gnu99;
				GCC_DYNAMIC_NO_PIC = NO;
				GCC_NO_COMMON_BLOCKS = YES;
				GCC_OPTIMIZATION_LEVEL = 0;
				GCC_PREPROCESSOR_DEFINITIONS = (
					"DEBUG=1",
					"$(inherited)",
				);
				GCC_WARN_64_TO_32_BIT_CONVERSION = YES;
				GCC_WARN_ABOUT_RETURN_TYPE = YES_ERROR;
				GCC_WARN_UNDECLARED_SELECTOR = YES;
				GCC_WARN_UNINITIALIZED_AUTOS = YES_AGGRESSIVE;
				GCC_WARN_UNUSED_FUNCTION = YES;
				GCC_WARN_UNUSED_VARIABLE = YES;
				IPHONEOS_DEPLOYMENT_TARGET = 9.3;
				MTL_ENABLE_DEBUG_INFO = YES;
				ONLY_ACTIVE_ARCH = YES;
				SDKROOT = iphoneos;
				SWIFT_OPTIMIZATION_LEVEL = "-Onone";
			};
			name = Debug;
		};
		21BA7CBA1CECF6A2003E9B2A /* Release */ = {
			isa = XCBuildConfiguration;
			buildSettings = {
				ALWAYS_SEARCH_USER_PATHS = NO;
				CLANG_ANALYZER_NONNULL = YES;
				CLANG_CXX_LANGUAGE_STANDARD = "gnu++0x";
				CLANG_CXX_LIBRARY = "libc++";
				CLANG_ENABLE_MODULES = YES;
				CLANG_ENABLE_OBJC_ARC = YES;
				CLANG_WARN_BOOL_CONVERSION = YES;
				CLANG_WARN_CONSTANT_CONVERSION = YES;
				CLANG_WARN_DIRECT_OBJC_ISA_USAGE = YES_ERROR;
				CLANG_WARN_EMPTY_BODY = YES;
				CLANG_WARN_ENUM_CONVERSION = YES;
				CLANG_WARN_INT_CONVERSION = YES;
				CLANG_WARN_OBJC_ROOT_CLASS = YES_ERROR;
				CLANG_WARN_UNREACHABLE_CODE = YES;
				CLANG_WARN__DUPLICATE_METHOD_MATCH = YES;
				"CODE_SIGN_IDENTITY[sdk=iphoneos*]" = "iPhone Developer";
				COPY_PHASE_STRIP = NO;
				DEBUG_INFORMATION_FORMAT = "dwarf-with-dsym";
				ENABLE_NS_ASSERTIONS = NO;
				ENABLE_STRICT_OBJC_MSGSEND = YES;
				GCC_C_LANGUAGE_STANDARD = gnu99;
				GCC_NO_COMMON_BLOCKS = YES;
				GCC_WARN_64_TO_32_BIT_CONVERSION = YES;
				GCC_WARN_ABOUT_RETURN_TYPE = YES_ERROR;
				GCC_WARN_UNDECLARED_SELECTOR = YES;
				GCC_WARN_UNINITIALIZED_AUTOS = YES_AGGRESSIVE;
				GCC_WARN_UNUSED_FUNCTION = YES;
				GCC_WARN_UNUSED_VARIABLE = YES;
				IPHONEOS_DEPLOYMENT_TARGET = 9.3;
				MTL_ENABLE_DEBUG_INFO = NO;
				SDKROOT = iphoneos;
				VALIDATE_PRODUCT = YES;
			};
			name = Release;
		};
		21BA7CBC1CECF6A2003E9B2A /* Debug */ = {
			isa = XCBuildConfiguration;
			buildSettings = {
				ASSETCATALOG_COMPILER_APPICON_NAME = AppIcon;
				FRAMEWORK_SEARCH_PATHS = (
					"$(inherited)",
					"$(PROJECT_DIR)",
				);
				INFOPLIST_FILE = BikeTogether/Info.plist;
				LD_RUNPATH_SEARCH_PATHS = "$(inherited) @executable_path/Frameworks";
				PRODUCT_BUNDLE_IDENTIFIER = th.ac.mahidol.egci313.BikeTogether;
				PRODUCT_NAME = "$(TARGET_NAME)";
				SWIFT_OBJC_BRIDGING_HEADER = "Bridging-Header.h";
			};
			name = Debug;
		};
		21BA7CBD1CECF6A2003E9B2A /* Release */ = {
			isa = XCBuildConfiguration;
			buildSettings = {
				ASSETCATALOG_COMPILER_APPICON_NAME = AppIcon;
				FRAMEWORK_SEARCH_PATHS = (
					"$(inherited)",
					"$(PROJECT_DIR)",
				);
				INFOPLIST_FILE = BikeTogether/Info.plist;
				LD_RUNPATH_SEARCH_PATHS = "$(inherited) @executable_path/Frameworks";
				PRODUCT_BUNDLE_IDENTIFIER = th.ac.mahidol.egci313.BikeTogether;
				PRODUCT_NAME = "$(TARGET_NAME)";
				SWIFT_OBJC_BRIDGING_HEADER = "Bridging-Header.h";
			};
			name = Release;
		};
		21BA7CBF1CECF6A2003E9B2A /* Debug */ = {
			isa = XCBuildConfiguration;
			buildSettings = {
				BUNDLE_LOADER = "$(TEST_HOST)";
				INFOPLIST_FILE = BikeTogetherTests/Info.plist;
				LD_RUNPATH_SEARCH_PATHS = "$(inherited) @executable_path/Frameworks @loader_path/Frameworks";
				PRODUCT_BUNDLE_IDENTIFIER = th.ac.mahidol.egci313.BikeTogetherTests;
				PRODUCT_NAME = "$(TARGET_NAME)";
				TEST_HOST = "$(BUILT_PRODUCTS_DIR)/BikeTogether.app/BikeTogether";
			};
			name = Debug;
		};
		21BA7CC01CECF6A2003E9B2A /* Release */ = {
			isa = XCBuildConfiguration;
			buildSettings = {
				BUNDLE_LOADER = "$(TEST_HOST)";
				INFOPLIST_FILE = BikeTogetherTests/Info.plist;
				LD_RUNPATH_SEARCH_PATHS = "$(inherited) @executable_path/Frameworks @loader_path/Frameworks";
				PRODUCT_BUNDLE_IDENTIFIER = th.ac.mahidol.egci313.BikeTogetherTests;
				PRODUCT_NAME = "$(TARGET_NAME)";
				TEST_HOST = "$(BUILT_PRODUCTS_DIR)/BikeTogether.app/BikeTogether";
			};
			name = Release;
		};
		21BA7CC21CECF6A2003E9B2A /* Debug */ = {
			isa = XCBuildConfiguration;
			buildSettings = {
				INFOPLIST_FILE = BikeTogetherUITests/Info.plist;
				LD_RUNPATH_SEARCH_PATHS = "$(inherited) @executable_path/Frameworks @loader_path/Frameworks";
				PRODUCT_BUNDLE_IDENTIFIER = th.ac.mahidol.egci313.BikeTogetherUITests;
				PRODUCT_NAME = "$(TARGET_NAME)";
				TEST_TARGET_NAME = BikeTogether;
			};
			name = Debug;
		};
		21BA7CC31CECF6A2003E9B2A /* Release */ = {
			isa = XCBuildConfiguration;
			buildSettings = {
				INFOPLIST_FILE = BikeTogetherUITests/Info.plist;
				LD_RUNPATH_SEARCH_PATHS = "$(inherited) @executable_path/Frameworks @loader_path/Frameworks";
				PRODUCT_BUNDLE_IDENTIFIER = th.ac.mahidol.egci313.BikeTogetherUITests;
				PRODUCT_NAME = "$(TARGET_NAME)";
				TEST_TARGET_NAME = BikeTogether;
			};
			name = Release;
		};
/* End XCBuildConfiguration section */

/* Begin XCConfigurationList section */
		21BA7C8B1CECF6A2003E9B2A /* Build configuration list for PBXProject "BikeTogether" */ = {
			isa = XCConfigurationList;
			buildConfigurations = (
				21BA7CB91CECF6A2003E9B2A /* Debug */,
				21BA7CBA1CECF6A2003E9B2A /* Release */,
			);
			defaultConfigurationIsVisible = 0;
			defaultConfigurationName = Release;
		};
		21BA7CBB1CECF6A2003E9B2A /* Build configuration list for PBXNativeTarget "BikeTogether" */ = {
			isa = XCConfigurationList;
			buildConfigurations = (
				21BA7CBC1CECF6A2003E9B2A /* Debug */,
				21BA7CBD1CECF6A2003E9B2A /* Release */,
			);
			defaultConfigurationIsVisible = 0;
			defaultConfigurationName = Release;
		};
		21BA7CBE1CECF6A2003E9B2A /* Build configuration list for PBXNativeTarget "BikeTogetherTests" */ = {
			isa = XCConfigurationList;
			buildConfigurations = (
				21BA7CBF1CECF6A2003E9B2A /* Debug */,
				21BA7CC01CECF6A2003E9B2A /* Release */,
			);
			defaultConfigurationIsVisible = 0;
			defaultConfigurationName = Release;
		};
		21BA7CC11CECF6A2003E9B2A /* Build configuration list for PBXNativeTarget "BikeTogetherUITests" */ = {
			isa = XCConfigurationList;
			buildConfigurations = (
				21BA7CC21CECF6A2003E9B2A /* Debug */,
				21BA7CC31CECF6A2003E9B2A /* Release */,
			);
			defaultConfigurationIsVisible = 0;
			defaultConfigurationName = Release;
		};
/* End XCConfigurationList section */

/* Begin XCVersionGroup section */
		213CC53C1CECF7060017456A /* BikeTogether.xcdatamodeld */ = {
			isa = XCVersionGroup;
			children = (
				213CC53D1CECF7060017456A /* BikeTogether.xcdatamodel */,
			);
			currentVersion = 213CC53D1CECF7060017456A /* BikeTogether.xcdatamodel */;
			path = BikeTogether.xcdatamodeld;
			sourceTree = "<group>";
			versionGroupType = wrapper.xcdatamodel;
		};
/* End XCVersionGroup section */
	};
	rootObject = 21BA7C881CECF6A2003E9B2A /* Project object */;
}
